
Microsoft Visual Studio Solution File, Format Version 12.00
# Visual Studio Version 16
VisualStudioVersion = 16.0.31702.278
MinimumVisualStudioVersion = 10.0.40219.1
Project("{FAE04EC0-301F-11D3-BF4B-00C04F79EFBC}") = "AbstractShopApp", "AbstractShopApp.csproj", "{D5951533-70A4-4228-B8D4-888060279ABD}"
EndProject
Global
	GlobalSection(SolutionConfigurationPlatforms) = preSolution
		Debug|Any CPU = Debug|Any CPU
		Release|Any CPU = Release|Any CPU
	EndGlobalSection
	GlobalSection(ProjectConfigurationPlatforms) = postSolution
		{D5951533-70A4-4228-B8D4-888060279ABD}.Debug|Any CPU.ActiveCfg = Debug|Any CPU
		{D5951533-70A4-4228-B8D4-888060279ABD}.Debug|Any CPU.Build.0 = Debug|Any CPU
		{D5951533-70A4-4228-B8D4-888060279ABD}.Release|Any CPU.ActiveCfg = Release|Any CPU
		{D5951533-70A4-4228-B8D4-888060279ABD}.Release|Any CPU.Build.0 = Release|Any CPU
	EndGlobalSection
	GlobalSection(SolutionProperties) = preSolution
		HideSolutionNode = FALSE
	EndGlobalSection
	GlobalSection(ExtensibilityGlobals) = postSolution
		SolutionGuid = {432BE8FE-6496-4DEF-9169-2831AB9B28D0}
	EndGlobalSection
EndGlobal
